// !$*UTF8*$!
{
	archiveVersion = 1;
	classes = {
	};
	objectVersion = 46;
	objects = {

/* Begin PBXBuildFile section */
		006D720419952D00008149E2 /* AVFoundation.framework in Frameworks */ = {isa = PBXBuildFile; fileRef = 006D720219952D00008149E2 /* AVFoundation.framework */; };
		006D720519952D00008149E2 /* CoreMedia.framework in Frameworks */ = {isa = PBXBuildFile; fileRef = 006D720319952D00008149E2 /* CoreMedia.framework */; };
		0091D8F90E81B9330029341E /* OpenGL.framework in Frameworks */ = {isa = PBXBuildFile; fileRef = 0091D8F80E81B9330029341E /* OpenGL.framework */; };
		00B784B30FF439BC000DE1D7 /* Accelerate.framework in Frameworks */ = {isa = PBXBuildFile; fileRef = 00B784AF0FF439BC000DE1D7 /* Accelerate.framework */; };
		00B784B40FF439BC000DE1D7 /* AudioToolbox.framework in Frameworks */ = {isa = PBXBuildFile; fileRef = 00B784B00FF439BC000DE1D7 /* AudioToolbox.framework */; };
		00B784B50FF439BC000DE1D7 /* AudioUnit.framework in Frameworks */ = {isa = PBXBuildFile; fileRef = 00B784B10FF439BC000DE1D7 /* AudioUnit.framework */; };
		00B784B60FF439BC000DE1D7 /* CoreAudio.framework in Frameworks */ = {isa = PBXBuildFile; fileRef = 00B784B20FF439BC000DE1D7 /* CoreAudio.framework */; };
		00B9955A1B128DF400A5C623 /* IOKit.framework in Frameworks */ = {isa = PBXBuildFile; fileRef = 00B995581B128DF400A5C623 /* IOKit.framework */; };
		00B9955B1B128DF400A5C623 /* IOSurface.framework in Frameworks */ = {isa = PBXBuildFile; fileRef = 00B995591B128DF400A5C623 /* IOSurface.framework */; };
		1BD708E6D7004B4F844BE18D /* HitachiScreensaverApp.cpp in Sources */ = {isa = PBXBuildFile; fileRef = 2CB70EF25E964E14B7231FEC /* HitachiScreensaverApp.cpp */; };
		5323E6B20EAFCA74003A9687 /* CoreVideo.framework in Frameworks */ = {isa = PBXBuildFile; fileRef = 5323E6B10EAFCA74003A9687 /* CoreVideo.framework */; };
		8D11072F0486CEB800E47090 /* Cocoa.framework in Frameworks */ = {isa = PBXBuildFile; fileRef = 1058C7A1FEA54F0111CA2CBB /* Cocoa.framework */; };
		CB1A5FA829080F7D004C7D12 /* Starfield.cpp in Sources */ = {isa = PBXBuildFile; fileRef = CB1A5FA629080F7D004C7D12 /* Starfield.cpp */; };
		CB1A5FBF29091B38004C7D12 /* Pyramid.cpp in Sources */ = {isa = PBXBuildFile; fileRef = CB1A5FBD29091B38004C7D12 /* Pyramid.cpp */; };
		CBA98278290E55E500D7CB5D /* stars_bottom4.png in Resources */ = {isa = PBXBuildFile; fileRef = CBA9826E290E55E500D7CB5D /* stars_bottom4.png */; };
		CBA98279290E55E500D7CB5D /* stars_right1.png in Resources */ = {isa = PBXBuildFile; fileRef = CBA9826F290E55E500D7CB5D /* stars_right1.png */; };
		CBA9827A290E55E500D7CB5D /* stars_top3.png in Resources */ = {isa = PBXBuildFile; fileRef = CBA98270290E55E500D7CB5D /* stars_top3.png */; };
		CBA9827B290E55E500D7CB5D /* stars_back6.png in Resources */ = {isa = PBXBuildFile; fileRef = CBA98271290E55E500D7CB5D /* stars_back6.png */; };
		CBA9827C290E55E500D7CB5D /* starfield.obj in Resources */ = {isa = PBXBuildFile; fileRef = CBA98272290E55E500D7CB5D /* starfield.obj */; };
		CBA9827D290E55E500D7CB5D /* stars_left2.png in Resources */ = {isa = PBXBuildFile; fileRef = CBA98273290E55E500D7CB5D /* stars_left2.png */; };
		CBA9827E290E55E500D7CB5D /* stars_front5.png in Resources */ = {isa = PBXBuildFile; fileRef = CBA98274290E55E500D7CB5D /* stars_front5.png */; };
		CBA9827F290E55E500D7CB5D /* pyramid.obj in Resources */ = {isa = PBXBuildFile; fileRef = CBA98276290E55E500D7CB5D /* pyramid.obj */; };
		CBA98280290E55E500D7CB5D /* CinderApp.icns in Resources */ = {isa = PBXBuildFile; fileRef = CBA98277290E55E500D7CB5D /* CinderApp.icns */; };
		CBAA1DCD290BF62A00E0AC51 /* Tweening.cpp in Sources */ = {isa = PBXBuildFile; fileRef = CBAA1DCC290BF62A00E0AC51 /* Tweening.cpp */; };
/* End PBXBuildFile section */

/* Begin PBXFileReference section */
		006D720219952D00008149E2 /* AVFoundation.framework */ = {isa = PBXFileReference; lastKnownFileType = wrapper.framework; name = AVFoundation.framework; path = System/Library/Frameworks/AVFoundation.framework; sourceTree = SDKROOT; };
		006D720319952D00008149E2 /* CoreMedia.framework */ = {isa = PBXFileReference; lastKnownFileType = wrapper.framework; name = CoreMedia.framework; path = System/Library/Frameworks/CoreMedia.framework; sourceTree = SDKROOT; };
		0091D8F80E81B9330029341E /* OpenGL.framework */ = {isa = PBXFileReference; lastKnownFileType = wrapper.framework; name = OpenGL.framework; path = /System/Library/Frameworks/OpenGL.framework; sourceTree = "<absolute>"; };
		00B784AF0FF439BC000DE1D7 /* Accelerate.framework */ = {isa = PBXFileReference; lastKnownFileType = wrapper.framework; name = Accelerate.framework; path = System/Library/Frameworks/Accelerate.framework; sourceTree = SDKROOT; };
		00B784B00FF439BC000DE1D7 /* AudioToolbox.framework */ = {isa = PBXFileReference; lastKnownFileType = wrapper.framework; name = AudioToolbox.framework; path = System/Library/Frameworks/AudioToolbox.framework; sourceTree = SDKROOT; };
		00B784B10FF439BC000DE1D7 /* AudioUnit.framework */ = {isa = PBXFileReference; lastKnownFileType = wrapper.framework; name = AudioUnit.framework; path = System/Library/Frameworks/AudioUnit.framework; sourceTree = SDKROOT; };
		00B784B20FF439BC000DE1D7 /* CoreAudio.framework */ = {isa = PBXFileReference; lastKnownFileType = wrapper.framework; name = CoreAudio.framework; path = System/Library/Frameworks/CoreAudio.framework; sourceTree = SDKROOT; };
		00B995581B128DF400A5C623 /* IOKit.framework */ = {isa = PBXFileReference; lastKnownFileType = wrapper.framework; name = IOKit.framework; path = System/Library/Frameworks/IOKit.framework; sourceTree = SDKROOT; };
		00B995591B128DF400A5C623 /* IOSurface.framework */ = {isa = PBXFileReference; lastKnownFileType = wrapper.framework; name = IOSurface.framework; path = System/Library/Frameworks/IOSurface.framework; sourceTree = SDKROOT; };
		1058C7A1FEA54F0111CA2CBB /* Cocoa.framework */ = {isa = PBXFileReference; lastKnownFileType = wrapper.framework; name = Cocoa.framework; path = /System/Library/Frameworks/Cocoa.framework; sourceTree = "<absolute>"; };
		28E9CB835B06490AB26F95B5 /* HitachiScreensaver_Prefix.pch */ = {isa = PBXFileReference; lastKnownFileType = "\"\""; path = HitachiScreensaver_Prefix.pch; sourceTree = "<group>"; };
		29B97324FDCFA39411CA2CEA /* AppKit.framework */ = {isa = PBXFileReference; lastKnownFileType = wrapper.framework; name = AppKit.framework; path = /System/Library/Frameworks/AppKit.framework; sourceTree = "<absolute>"; };
		29B97325FDCFA39411CA2CEA /* Foundation.framework */ = {isa = PBXFileReference; lastKnownFileType = wrapper.framework; name = Foundation.framework; path = /System/Library/Frameworks/Foundation.framework; sourceTree = "<absolute>"; };
		2CB70EF25E964E14B7231FEC /* HitachiScreensaverApp.cpp */ = {isa = PBXFileReference; lastKnownFileType = sourcecode.c.cpp; name = HitachiScreensaverApp.cpp; path = ../src/HitachiScreensaverApp.cpp; sourceTree = "<group>"; };
		5323E6B10EAFCA74003A9687 /* CoreVideo.framework */ = {isa = PBXFileReference; lastKnownFileType = wrapper.framework; name = CoreVideo.framework; path = /System/Library/Frameworks/CoreVideo.framework; sourceTree = "<absolute>"; };
		561966FDC47445ED85F0F158 /* Resources.h */ = {isa = PBXFileReference; lastKnownFileType = sourcecode.c.h; name = Resources.h; path = ../include/Resources.h; sourceTree = "<group>"; };
		8D1107320486CEB800E47090 /* HitachiScreensaver.app */ = {isa = PBXFileReference; explicitFileType = wrapper.application; includeInIndex = 0; path = HitachiScreensaver.app; sourceTree = BUILT_PRODUCTS_DIR; };
		CB0DBBB4290EF0CE003AD9DC /* Vector.hpp */ = {isa = PBXFileReference; fileEncoding = 4; lastKnownFileType = sourcecode.cpp.h; path = Vector.hpp; sourceTree = "<group>"; };
		CB1A5FA629080F7D004C7D12 /* Starfield.cpp */ = {isa = PBXFileReference; lastKnownFileType = sourcecode.cpp.cpp; name = Starfield.cpp; path = ../src/Starfield.cpp; sourceTree = "<group>"; };
		CB1A5FA729080F7D004C7D12 /* Starfield.hpp */ = {isa = PBXFileReference; lastKnownFileType = sourcecode.cpp.h; name = Starfield.hpp; path = ../src/Starfield.hpp; sourceTree = "<group>"; };
		CB1A5FAB29080FED004C7D12 /* IItem.hpp */ = {isa = PBXFileReference; lastKnownFileType = sourcecode.cpp.h; name = IItem.hpp; path = ../src/IItem.hpp; sourceTree = "<group>"; };
		CB1A5FBB29083D28004C7D12 /* macros.h */ = {isa = PBXFileReference; lastKnownFileType = sourcecode.c.h; name = macros.h; path = ../src/macros.h; sourceTree = "<group>"; };
		CB1A5FBD29091B38004C7D12 /* Pyramid.cpp */ = {isa = PBXFileReference; lastKnownFileType = sourcecode.cpp.cpp; name = Pyramid.cpp; path = ../src/Pyramid.cpp; sourceTree = "<group>"; };
		CB1A5FBE29091B38004C7D12 /* Pyramid.hpp */ = {isa = PBXFileReference; lastKnownFileType = sourcecode.cpp.h; name = Pyramid.hpp; path = ../src/Pyramid.hpp; sourceTree = "<group>"; };
		CBA9826E290E55E500D7CB5D /* stars_bottom4.png */ = {isa = PBXFileReference; lastKnownFileType = image.png; path = stars_bottom4.png; sourceTree = "<group>"; };
		CBA9826F290E55E500D7CB5D /* stars_right1.png */ = {isa = PBXFileReference; lastKnownFileType = image.png; path = stars_right1.png; sourceTree = "<group>"; };
		CBA98270290E55E500D7CB5D /* stars_top3.png */ = {isa = PBXFileReference; lastKnownFileType = image.png; path = stars_top3.png; sourceTree = "<group>"; };
		CBA98271290E55E500D7CB5D /* stars_back6.png */ = {isa = PBXFileReference; lastKnownFileType = image.png; path = stars_back6.png; sourceTree = "<group>"; };
		CBA98272290E55E500D7CB5D /* starfield.obj */ = {isa = PBXFileReference; fileEncoding = 4; lastKnownFileType = text; path = starfield.obj; sourceTree = "<group>"; };
		CBA98273290E55E500D7CB5D /* stars_left2.png */ = {isa = PBXFileReference; lastKnownFileType = image.png; path = stars_left2.png; sourceTree = "<group>"; };
		CBA98274290E55E500D7CB5D /* stars_front5.png */ = {isa = PBXFileReference; lastKnownFileType = image.png; path = stars_front5.png; sourceTree = "<group>"; };
		CBA98276290E55E500D7CB5D /* pyramid.obj */ = {isa = PBXFileReference; fileEncoding = 4; lastKnownFileType = text; path = pyramid.obj; sourceTree = "<group>"; };
		CBA98277290E55E500D7CB5D /* CinderApp.icns */ = {isa = PBXFileReference; lastKnownFileType = image.icns; path = CinderApp.icns; sourceTree = "<group>"; };
		CBAA1DCA290BF51800E0AC51 /* Tweening.hpp */ = {isa = PBXFileReference; lastKnownFileType = sourcecode.cpp.h; name = Tweening.hpp; path = ../src/Tweening.hpp; sourceTree = "<group>"; };
		CBAA1DCC290BF62A00E0AC51 /* Tweening.cpp */ = {isa = PBXFileReference; lastKnownFileType = sourcecode.cpp.cpp; name = Tweening.cpp; path = ../src/Tweening.cpp; sourceTree = "<group>"; };
/* End PBXFileReference section */

/* Begin PBXFrameworksBuildPhase section */
		8D11072E0486CEB800E47090 /* Frameworks */ = {
			isa = PBXFrameworksBuildPhase;
			buildActionMask = 2147483647;
			files = (
				006D720419952D00008149E2 /* AVFoundation.framework in Frameworks */,
				006D720519952D00008149E2 /* CoreMedia.framework in Frameworks */,
				8D11072F0486CEB800E47090 /* Cocoa.framework in Frameworks */,
				0091D8F90E81B9330029341E /* OpenGL.framework in Frameworks */,
				5323E6B20EAFCA74003A9687 /* CoreVideo.framework in Frameworks */,
				00B784B30FF439BC000DE1D7 /* Accelerate.framework in Frameworks */,
				00B784B40FF439BC000DE1D7 /* AudioToolbox.framework in Frameworks */,
				00B784B50FF439BC000DE1D7 /* AudioUnit.framework in Frameworks */,
				00B784B60FF439BC000DE1D7 /* CoreAudio.framework in Frameworks */,
				00B9955A1B128DF400A5C623 /* IOKit.framework in Frameworks */,
				00B9955B1B128DF400A5C623 /* IOSurface.framework in Frameworks */,
			);
			runOnlyForDeploymentPostprocessing = 0;
		};
/* End PBXFrameworksBuildPhase section */

/* Begin PBXGroup section */
		01B97315FEAEA392516A2CEA /* Blocks */ = {
			isa = PBXGroup;
			children = (
			);
			name = Blocks;
			sourceTree = "<group>";
		};
		080E96DDFE201D6D7F000001 /* Source */ = {
			isa = PBXGroup;
			children = (
				CB0DBBB4290EF0CE003AD9DC /* Vector.hpp */,
				2CB70EF25E964E14B7231FEC /* HitachiScreensaverApp.cpp */,
				CB1A5FA629080F7D004C7D12 /* Starfield.cpp */,
				CB1A5FA729080F7D004C7D12 /* Starfield.hpp */,
				CB1A5FAB29080FED004C7D12 /* IItem.hpp */,
				CB1A5FBB29083D28004C7D12 /* macros.h */,
				CB1A5FBD29091B38004C7D12 /* Pyramid.cpp */,
				CB1A5FBE29091B38004C7D12 /* Pyramid.hpp */,
				CBAA1DCA290BF51800E0AC51 /* Tweening.hpp */,
				CBAA1DCC290BF62A00E0AC51 /* Tweening.cpp */,
			);
			name = Source;
			sourceTree = "<group>";
		};
		1058C7A0FEA54F0111CA2CBB /* Linked Frameworks */ = {
			isa = PBXGroup;
			children = (
				006D720219952D00008149E2 /* AVFoundation.framework */,
				006D720319952D00008149E2 /* CoreMedia.framework */,
				00B784AF0FF439BC000DE1D7 /* Accelerate.framework */,
				00B784B00FF439BC000DE1D7 /* AudioToolbox.framework */,
				00B784B10FF439BC000DE1D7 /* AudioUnit.framework */,
				00B784B20FF439BC000DE1D7 /* CoreAudio.framework */,
				5323E6B10EAFCA74003A9687 /* CoreVideo.framework */,
				0091D8F80E81B9330029341E /* OpenGL.framework */,
				1058C7A1FEA54F0111CA2CBB /* Cocoa.framework */,
				00B995581B128DF400A5C623 /* IOKit.framework */,
				00B995591B128DF400A5C623 /* IOSurface.framework */,
			);
			name = "Linked Frameworks";
			sourceTree = "<group>";
		};
		1058C7A2FEA54F0111CA2CBB /* Other Frameworks */ = {
			isa = PBXGroup;
			children = (
				29B97324FDCFA39411CA2CEA /* AppKit.framework */,
				29B97325FDCFA39411CA2CEA /* Foundation.framework */,
			);
			name = "Other Frameworks";
			sourceTree = "<group>";
		};
		19C28FACFE9D520D11CA2CBB /* Products */ = {
			isa = PBXGroup;
			children = (
				8D1107320486CEB800E47090 /* HitachiScreensaver.app */,
			);
			name = Products;
			sourceTree = "<group>";
		};
		29B97314FDCFA39411CA2CEA /* HitachiScreensaver */ = {
			isa = PBXGroup;
			children = (
				CBA9826C290E55E500D7CB5D /* Resources */,
				01B97315FEAEA392516A2CEA /* Blocks */,
				29B97315FDCFA39411CA2CEA /* Headers */,
				080E96DDFE201D6D7F000001 /* Source */,
				29B97323FDCFA39411CA2CEA /* Frameworks */,
				19C28FACFE9D520D11CA2CBB /* Products */,
			);
			name = HitachiScreensaver;
			sourceTree = "<group>";
		};
		29B97315FDCFA39411CA2CEA /* Headers */ = {
			isa = PBXGroup;
			children = (
				561966FDC47445ED85F0F158 /* Resources.h */,
				28E9CB835B06490AB26F95B5 /* HitachiScreensaver_Prefix.pch */,
			);
			name = Headers;
			sourceTree = "<group>";
		};
		29B97323FDCFA39411CA2CEA /* Frameworks */ = {
			isa = PBXGroup;
			children = (
				1058C7A0FEA54F0111CA2CBB /* Linked Frameworks */,
				1058C7A2FEA54F0111CA2CBB /* Other Frameworks */,
			);
			name = Frameworks;
			sourceTree = "<group>";
		};
		CBA9826C290E55E500D7CB5D /* Resources */ = {
			isa = PBXGroup;
			children = (
				CBA9826D290E55E500D7CB5D /* starfield */,
				CBA98275290E55E500D7CB5D /* pyramid */,
				CBA98277290E55E500D7CB5D /* CinderApp.icns */,
			);
			name = Resources;
			path = ../Resources;
			sourceTree = "<group>";
		};
		CBA9826D290E55E500D7CB5D /* starfield */ = {
			isa = PBXGroup;
			children = (
				CBA9826E290E55E500D7CB5D /* stars_bottom4.png */,
				CBA9826F290E55E500D7CB5D /* stars_right1.png */,
				CBA98270290E55E500D7CB5D /* stars_top3.png */,
				CBA98271290E55E500D7CB5D /* stars_back6.png */,
				CBA98272290E55E500D7CB5D /* starfield.obj */,
				CBA98273290E55E500D7CB5D /* stars_left2.png */,
				CBA98274290E55E500D7CB5D /* stars_front5.png */,
			);
			path = starfield;
			sourceTree = "<group>";
		};
		CBA98275290E55E500D7CB5D /* pyramid */ = {
			isa = PBXGroup;
			children = (
				CBA98276290E55E500D7CB5D /* pyramid.obj */,
			);
			path = pyramid;
			sourceTree = "<group>";
		};
/* End PBXGroup section */

/* Begin PBXNativeTarget section */
		8D1107260486CEB800E47090 /* HitachiScreensaver */ = {
			isa = PBXNativeTarget;
			buildConfigurationList = C01FCF4A08A954540054247B /* Build configuration list for PBXNativeTarget "HitachiScreensaver" */;
			buildPhases = (
				8D1107290486CEB800E47090 /* Resources */,
				8D11072C0486CEB800E47090 /* Sources */,
				8D11072E0486CEB800E47090 /* Frameworks */,
			);
			buildRules = (
			);
			dependencies = (
			);
			name = HitachiScreensaver;
			productInstallPath = "$(HOME)/Applications";
			productName = HitachiScreensaver;
			productReference = 8D1107320486CEB800E47090 /* HitachiScreensaver.app */;
			productType = "com.apple.product-type.application";
		};
/* End PBXNativeTarget section */

/* Begin PBXProject section */
		29B97313FDCFA39411CA2CEA /* Project object */ = {
			isa = PBXProject;
			attributes = {
				LastUpgradeCheck = 1240;
			};
			buildConfigurationList = C01FCF4E08A954540054247B /* Build configuration list for PBXProject "HitachiScreensaver" */;
			compatibilityVersion = "Xcode 3.2";
			developmentRegion = en;
			hasScannedForEncodings = 1;
			knownRegions = (
				Base,
				de,
				en,
				ja,
				fr,
			);
			mainGroup = 29B97314FDCFA39411CA2CEA /* HitachiScreensaver */;
			projectDirPath = "";
			projectRoot = "";
			targets = (
				8D1107260486CEB800E47090 /* HitachiScreensaver */,
			);
		};
/* End PBXProject section */

/* Begin PBXResourcesBuildPhase section */
		8D1107290486CEB800E47090 /* Resources */ = {
			isa = PBXResourcesBuildPhase;
			buildActionMask = 2147483647;
			files = (
				CBA98280290E55E500D7CB5D /* CinderApp.icns in Resources */,
				CBA98279290E55E500D7CB5D /* stars_right1.png in Resources */,
				CBA9827B290E55E500D7CB5D /* stars_back6.png in Resources */,
				CBA98278290E55E500D7CB5D /* stars_bottom4.png in Resources */,
				CBA9827C290E55E500D7CB5D /* starfield.obj in Resources */,
				CBA9827D290E55E500D7CB5D /* stars_left2.png in Resources */,
				CBA9827A290E55E500D7CB5D /* stars_top3.png in Resources */,
				CBA9827F290E55E500D7CB5D /* pyramid.obj in Resources */,
				CBA9827E290E55E500D7CB5D /* stars_front5.png in Resources */,
			);
			runOnlyForDeploymentPostprocessing = 0;
		};
/* End PBXResourcesBuildPhase section */

/* Begin PBXSourcesBuildPhase section */
		8D11072C0486CEB800E47090 /* Sources */ = {
			isa = PBXSourcesBuildPhase;
			buildActionMask = 2147483647;
			files = (
				CB1A5FA829080F7D004C7D12 /* Starfield.cpp in Sources */,
				CB1A5FBF29091B38004C7D12 /* Pyramid.cpp in Sources */,
				CBAA1DCD290BF62A00E0AC51 /* Tweening.cpp in Sources */,
				1BD708E6D7004B4F844BE18D /* HitachiScreensaverApp.cpp in Sources */,
			);
			runOnlyForDeploymentPostprocessing = 0;
		};
/* End PBXSourcesBuildPhase section */

/* Begin XCBuildConfiguration section */
		C01FCF4B08A954540054247B /* Debug */ = {
			isa = XCBuildConfiguration;
			buildSettings = {
				CLANG_ENABLE_OBJC_WEAK = YES;
				CODE_SIGN_IDENTITY = "-";
				COMBINE_HIDPI_IMAGES = YES;
				COPY_PHASE_STRIP = NO;
				DEAD_CODE_STRIPPING = YES;
				GCC_DYNAMIC_NO_PIC = NO;
				GCC_INLINES_ARE_PRIVATE_EXTERN = YES;
				GCC_OPTIMIZATION_LEVEL = 0;
				GCC_PRECOMPILE_PREFIX_HEADER = YES;
				GCC_PREFIX_HEADER = HitachiScreensaver_Prefix.pch;
				GCC_PREPROCESSOR_DEFINITIONS = (
					"DEBUG=1",
					"$(inherited)",
				);
				GCC_SYMBOLS_PRIVATE_EXTERN = NO;
				INFOPLIST_FILE = Info.plist;
				INSTALL_PATH = "$(HOME)/Applications";
				OTHER_LDFLAGS = "\"$(CINDER_PATH)/lib/macosx/$(CONFIGURATION)/libcinder.a\"";
				PRODUCT_BUNDLE_IDENTIFIER = "org.libcinder.${PRODUCT_NAME:rfc1034identifier}";
				PRODUCT_NAME = HitachiScreensaver;
				SYMROOT = ./build;
				WRAPPER_EXTENSION = app;
			};
			name = Debug;
		};
		C01FCF4C08A954540054247B /* Release */ = {
			isa = XCBuildConfiguration;
			buildSettings = {
				CLANG_ENABLE_OBJC_WEAK = YES;
				CODE_SIGN_IDENTITY = "-";
				COMBINE_HIDPI_IMAGES = YES;
				DEAD_CODE_STRIPPING = YES;
				DEBUG_INFORMATION_FORMAT = "dwarf-with-dsym";
				GCC_FAST_MATH = YES;
				GCC_GENERATE_DEBUGGING_SYMBOLS = NO;
				GCC_INLINES_ARE_PRIVATE_EXTERN = YES;
				GCC_OPTIMIZATION_LEVEL = 3;
				GCC_PRECOMPILE_PREFIX_HEADER = YES;
				GCC_PREFIX_HEADER = HitachiScreensaver_Prefix.pch;
				GCC_PREPROCESSOR_DEFINITIONS = (
					"NDEBUG=1",
					"$(inherited)",
				);
				GCC_SYMBOLS_PRIVATE_EXTERN = NO;
				INFOPLIST_FILE = Info.plist;
				INSTALL_PATH = "$(HOME)/Applications";
				OTHER_LDFLAGS = "\"$(CINDER_PATH)/lib/macosx/$(CONFIGURATION)/libcinder.a\"";
				PRODUCT_BUNDLE_IDENTIFIER = "org.libcinder.${PRODUCT_NAME:rfc1034identifier}";
				PRODUCT_NAME = HitachiScreensaver;
				STRIP_INSTALLED_PRODUCT = YES;
				SYMROOT = ./build;
				WRAPPER_EXTENSION = app;
			};
			name = Release;
		};
		C01FCF4F08A954540054247B /* Debug */ = {
			isa = XCBuildConfiguration;
			buildSettings = {
				ALWAYS_SEARCH_USER_PATHS = NO;
				CINDER_PATH = ../../../../../../../cinder_0.9.2_mac;
				CLANG_ANALYZER_LOCALIZABILITY_NONLOCALIZED = YES;
				CLANG_CXX_LANGUAGE_STANDARD = "c++11";
				CLANG_CXX_LIBRARY = "libc++";
				CLANG_WARN_BLOCK_CAPTURE_AUTORELEASING = YES;
				CLANG_WARN_BOOL_CONVERSION = YES;
				CLANG_WARN_COMMA = YES;
				CLANG_WARN_CONSTANT_CONVERSION = YES;
				CLANG_WARN_DEPRECATED_OBJC_IMPLEMENTATIONS = YES;
				CLANG_WARN_EMPTY_BODY = YES;
				CLANG_WARN_ENUM_CONVERSION = YES;
				CLANG_WARN_INFINITE_RECURSION = YES;
				CLANG_WARN_INT_CONVERSION = YES;
				CLANG_WARN_NON_LITERAL_NULL_CONVERSION = YES;
				CLANG_WARN_OBJC_IMPLICIT_RETAIN_SELF = YES;
				CLANG_WARN_OBJC_LITERAL_CONVERSION = YES;
				CLANG_WARN_QUOTED_INCLUDE_IN_FRAMEWORK_HEADER = YES;
				CLANG_WARN_RANGE_LOOP_ANALYSIS = YES;
				CLANG_WARN_STRICT_PROTOTYPES = YES;
				CLANG_WARN_SUSPICIOUS_MOVE = YES;
				CLANG_WARN_UNREACHABLE_CODE = YES;
				CLANG_WARN__DUPLICATE_METHOD_MATCH = YES;
				ENABLE_STRICT_OBJC_MSGSEND = YES;
				ENABLE_TESTABILITY = YES;
				GCC_NO_COMMON_BLOCKS = YES;
				GCC_WARN_64_TO_32_BIT_CONVERSION = YES;
				GCC_WARN_ABOUT_RETURN_TYPE = YES;
				GCC_WARN_UNDECLARED_SELECTOR = YES;
				GCC_WARN_UNINITIALIZED_AUTOS = YES;
				GCC_WARN_UNUSED_FUNCTION = YES;
				GCC_WARN_UNUSED_VARIABLE = YES;
				HEADER_SEARCH_PATHS = "\"$(CINDER_PATH)/include\"";
				MACOSX_DEPLOYMENT_TARGET = 10.9;
				ONLY_ACTIVE_ARCH = YES;
				SDKROOT = macosx;
				USER_HEADER_SEARCH_PATHS = "\"$(CINDER_PATH)/include\" ../include";
			};
			name = Debug;
		};
		C01FCF5008A954540054247B /* Release */ = {
			isa = XCBuildConfiguration;
			buildSettings = {
				ALWAYS_SEARCH_USER_PATHS = NO;
				CINDER_PATH = ../../../../../../../cinder_0.9.2_mac;
				CLANG_ANALYZER_LOCALIZABILITY_NONLOCALIZED = YES;
				CLANG_CXX_LANGUAGE_STANDARD = "c++11";
				CLANG_CXX_LIBRARY = "libc++";
				CLANG_WARN_BLOCK_CAPTURE_AUTORELEASING = YES;
				CLANG_WARN_BOOL_CONVERSION = YES;
				CLANG_WARN_COMMA = YES;
				CLANG_WARN_CONSTANT_CONVERSION = YES;
				CLANG_WARN_DEPRECATED_OBJC_IMPLEMENTATIONS = YES;
				CLANG_WARN_EMPTY_BODY = YES;
				CLANG_WARN_ENUM_CONVERSION = YES;
				CLANG_WARN_INFINITE_RECURSION = YES;
				CLANG_WARN_INT_CONVERSION = YES;
				CLANG_WARN_NON_LITERAL_NULL_CONVERSION = YES;
				CLANG_WARN_OBJC_IMPLICIT_RETAIN_SELF = YES;
				CLANG_WARN_OBJC_LITERAL_CONVERSION = YES;
				CLANG_WARN_QUOTED_INCLUDE_IN_FRAMEWORK_HEADER = YES;
				CLANG_WARN_RANGE_LOOP_ANALYSIS = YES;
				CLANG_WARN_STRICT_PROTOTYPES = YES;
				CLANG_WARN_SUSPICIOUS_MOVE = YES;
				CLANG_WARN_UNREACHABLE_CODE = YES;
				CLANG_WARN__DUPLICATE_METHOD_MATCH = YES;
				ENABLE_STRICT_OBJC_MSGSEND = YES;
				GCC_NO_COMMON_BLOCKS = YES;
				GCC_WARN_64_TO_32_BIT_CONVERSION = YES;
				GCC_WARN_ABOUT_RETURN_TYPE = YES;
				GCC_WARN_UNDECLARED_SELECTOR = YES;
				GCC_WARN_UNINITIALIZED_AUTOS = YES;
				GCC_WARN_UNUSED_FUNCTION = YES;
				GCC_WARN_UNUSED_VARIABLE = YES;
				HEADER_SEARCH_PATHS = "\"$(CINDER_PATH)/include\"";
				MACOSX_DEPLOYMENT_TARGET = 10.9;
				SDKROOT = macosx;
				USER_HEADER_SEARCH_PATHS = "\"$(CINDER_PATH)/include\" ../include";
			};
			name = Release;
		};
/* End XCBuildConfiguration section */

/* Begin XCConfigurationList section */
		C01FCF4A08A954540054247B /* Build configuration list for PBXNativeTarget "HitachiScreensaver" */ = {
			isa = XCConfigurationList;
			buildConfigurations = (
				C01FCF4B08A954540054247B /* Debug */,
				C01FCF4C08A954540054247B /* Release */,
			);
			defaultConfigurationIsVisible = 0;
			defaultConfigurationName = Release;
		};
		C01FCF4E08A954540054247B /* Build configuration list for PBXProject "HitachiScreensaver" */ = {
			isa = XCConfigurationList;
			buildConfigurations = (
				C01FCF4F08A954540054247B /* Debug */,
				C01FCF5008A954540054247B /* Release */,
			);
			defaultConfigurationIsVisible = 0;
			defaultConfigurationName = Release;
		};
/* End XCConfigurationList section */
	};
	rootObject = 29B97313FDCFA39411CA2CEA /* Project object */;
}
